
Microsoft Visual Studio Solution File, Format Version 12.00
# Visual Studio 15
VisualStudioVersion = 15.0.28307.539
MinimumVisualStudioVersion = 10.0.40219.1
Project("{9A19103F-16F7-4668-BE54-9A1E7A4F7556}") = "WSTraceIT", "NetCoreApiRest\WSTraceIT.csproj", "{5C483865-87EE-43D0-B7E6-58637763903C}"
EndProject
Global
	GlobalSection(SolutionConfigurationPlatforms) = preSolution
		Debug|Any CPU = Debug|Any CPU
		Release|Any CPU = Release|Any CPU
	EndGlobalSection
	GlobalSection(ProjectConfigurationPlatforms) = postSolution
		{5C483865-87EE-43D0-B7E6-58637763903C}.Debug|Any CPU.ActiveCfg = Debug|Any CPU
		{5C483865-87EE-43D0-B7E6-58637763903C}.Debug|Any CPU.Build.0 = Debug|Any CPU
		{5C483865-87EE-43D0-B7E6-58637763903C}.Release|Any CPU.ActiveCfg = Release|Any CPU
		{5C483865-87EE-43D0-B7E6-58637763903C}.Release|Any CPU.Build.0 = Release|Any CPU
	EndGlobalSection
	GlobalSection(SolutionProperties) = preSolution
		HideSolutionNode = FALSE
	EndGlobalSection
	GlobalSection(ExtensibilityGlobals) = postSolution
		SolutionGuid = {BE1A0A4B-2ED7-4D33-88BD-DD4B767796EA}
	EndGlobalSection
EndGlobal
